
Microsoft Visual Studio Solution File, Format Version 12.00
# Visual Studio Version 17
VisualStudioVersion = 17.4.33213.308
MinimumVisualStudioVersion = 10.0.40219.1
Project("{FAE04EC0-301F-11D3-BF4B-00C04F79EFBC}") = "pdc03_module5_act1.Android", "pdc03_module5_act1\pdc03_module5_act1.Android\pdc03_module5_act1.Android.csproj", "{7BA05E3A-18F7-458A-8598-C489FA8753F3}"
EndProject
Project("{FAE04EC0-301F-11D3-BF4B-00C04F79EFBC}") = "pdc03_module5_act1", "pdc03_module5_act1\pdc03_module5_act1\pdc03_module5_act1.csproj", "{EAB6EFA3-53B8-48DD-8AFC-76457830D3C4}"
EndProject
Global
	GlobalSection(SolutionConfigurationPlatforms) = preSolution
		Debug|Any CPU = Debug|Any CPU
		Release|Any CPU = Release|Any CPU
	EndGlobalSection
	GlobalSection(ProjectConfigurationPlatforms) = postSolution
		{7BA05E3A-18F7-458A-8598-C489FA8753F3}.Debug|Any CPU.ActiveCfg = Debug|Any CPU
		{7BA05E3A-18F7-458A-8598-C489FA8753F3}.Debug|Any CPU.Build.0 = Debug|Any CPU
		{7BA05E3A-18F7-458A-8598-C489FA8753F3}.Debug|Any CPU.Deploy.0 = Debug|Any CPU
		{7BA05E3A-18F7-458A-8598-C489FA8753F3}.Release|Any CPU.ActiveCfg = Release|Any CPU
		{7BA05E3A-18F7-458A-8598-C489FA8753F3}.Release|Any CPU.Build.0 = Release|Any CPU
		{7BA05E3A-18F7-458A-8598-C489FA8753F3}.Release|Any CPU.Deploy.0 = Release|Any CPU
		{EAB6EFA3-53B8-48DD-8AFC-76457830D3C4}.Debug|Any CPU.ActiveCfg = Debug|Any CPU
		{EAB6EFA3-53B8-48DD-8AFC-76457830D3C4}.Debug|Any CPU.Build.0 = Debug|Any CPU
		{EAB6EFA3-53B8-48DD-8AFC-76457830D3C4}.Debug|Any CPU.Deploy.0 = Debug|Any CPU
		{EAB6EFA3-53B8-48DD-8AFC-76457830D3C4}.Release|Any CPU.ActiveCfg = Release|Any CPU
		{EAB6EFA3-53B8-48DD-8AFC-76457830D3C4}.Release|Any CPU.Build.0 = Release|Any CPU
		{EAB6EFA3-53B8-48DD-8AFC-76457830D3C4}.Release|Any CPU.Deploy.0 = Release|Any CPU
	EndGlobalSection
	GlobalSection(SolutionProperties) = preSolution
		HideSolutionNode = FALSE
	EndGlobalSection
	GlobalSection(ExtensibilityGlobals) = postSolution
		SolutionGuid = {CBBE6B5F-E2AD-4647-A987-60C40F658638}
	EndGlobalSection
EndGlobal
